
Microsoft Visual Studio Solution File, Format Version 12.00
# Visual Studio Version 17
VisualStudioVersion = 17.3.32929.385
MinimumVisualStudioVersion = 10.0.40219.1
Project("{FAE04EC0-301F-11D3-BF4B-00C04F79EFBC}") = "Exercise3", "Exercise3\Exercise3.csproj", "{2CFAAB85-11B5-42E6-9879-B08209420F45}"
EndProject
Global
	GlobalSection(SolutionConfigurationPlatforms) = preSolution
		Debug|Any CPU = Debug|Any CPU
		Release|Any CPU = Release|Any CPU
	EndGlobalSection
	GlobalSection(ProjectConfigurationPlatforms) = postSolution
		{2CFAAB85-11B5-42E6-9879-B08209420F45}.Debug|Any CPU.ActiveCfg = Debug|Any CPU
		{2CFAAB85-11B5-42E6-9879-B08209420F45}.Debug|Any CPU.Build.0 = Debug|Any CPU
		{2CFAAB85-11B5-42E6-9879-B08209420F45}.Release|Any CPU.ActiveCfg = Release|Any CPU
		{2CFAAB85-11B5-42E6-9879-B08209420F45}.Release|Any CPU.Build.0 = Release|Any CPU
	EndGlobalSection
	GlobalSection(SolutionProperties) = preSolution
		HideSolutionNode = FALSE
	EndGlobalSection
	GlobalSection(ExtensibilityGlobals) = postSolution
		SolutionGuid = {28E89B71-2944-40AF-B03E-D91553DD24A6}
	EndGlobalSection
EndGlobal
