
Microsoft Visual Studio Solution File, Format Version 12.00
# Visual Studio Version 17
VisualStudioVersion = 17.2.32630.192
MinimumVisualStudioVersion = 10.0.40219.1
Project("{FAE04EC0-301F-11D3-BF4B-00C04F79EFBC}") = "Week2", "Week2\Week2.csproj", "{612C80AF-63C4-49F7-ADD5-D8F39AB74D3D}"
EndProject
Project("{FAE04EC0-301F-11D3-BF4B-00C04F79EFBC}") = "Exercise1", "C:\Users\22457110\OneDrive - MMU\Source\Repos\Week2\Exercise1\Exercise1.csproj", "{EC6E5F20-8318-40C1-9370-8182D6859BBE}"
EndProject
Project("{9A19103F-16F7-4668-BE54-9A1E7A4F7556}") = "SimpleApp1", "SimpleApp1\SimpleApp1.csproj", "{8924FE0F-DA13-474D-B7DE-CF91B5157C93}"
EndProject
Project("{9A19103F-16F7-4668-BE54-9A1E7A4F7556}") = "Lab1_GUI", "Lab1_GUI\Lab1_GUI.csproj", "{D9574D1E-255E-426B-8DD8-E63AD980D36F}"
EndProject
Project("{FAE04EC0-301F-11D3-BF4B-00C04F79EFBC}") = "Exercise4", "Exercise4\Exercise4.csproj", "{15CCE786-9D03-4DA1-9607-B50F9C0417E9}"
EndProject
Project("{FAE04EC0-301F-11D3-BF4B-00C04F79EFBC}") = "Exercise5", "Exercise5\Exercise5.csproj", "{A293B1F2-2F41-418B-9C92-4A95C525E843}"
EndProject
Project("{FAE04EC0-301F-11D3-BF4B-00C04F79EFBC}") = "Exercise6", "Exercise6\Exercise6.csproj", "{A638D928-9753-4717-95A9-D55A84DE53C6}"
EndProject
Project("{FAE04EC0-301F-11D3-BF4B-00C04F79EFBC}") = "Exercise7", "Exercise7\Exercise7.csproj", "{5914D2BD-03A8-493B-BD6A-BAB6BDFC4F10}"
EndProject
Project("{FAE04EC0-301F-11D3-BF4B-00C04F79EFBC}") = "Exercise8", "Exercise8\Exercise8.csproj", "{AEB53036-03E8-44AE-BBDF-82734B5791D9}"
EndProject
Project("{FAE04EC0-301F-11D3-BF4B-00C04F79EFBC}") = "Exercise9", "Exercise9\Exercise9.csproj", "{567120A4-197F-4F44-BC44-C42068E2A2F1}"
EndProject
Global
	GlobalSection(SolutionConfigurationPlatforms) = preSolution
		Debug|Any CPU = Debug|Any CPU
		Debug|ARM = Debug|ARM
		Debug|ARM64 = Debug|ARM64
		Debug|x64 = Debug|x64
		Debug|x86 = Debug|x86
		Release|Any CPU = Release|Any CPU
		Release|ARM = Release|ARM
		Release|ARM64 = Release|ARM64
		Release|x64 = Release|x64
		Release|x86 = Release|x86
	EndGlobalSection
	GlobalSection(ProjectConfigurationPlatforms) = postSolution
		{612C80AF-63C4-49F7-ADD5-D8F39AB74D3D}.Debug|Any CPU.ActiveCfg = Debug|Any CPU
		{612C80AF-63C4-49F7-ADD5-D8F39AB74D3D}.Debug|Any CPU.Build.0 = Debug|Any CPU
		{612C80AF-63C4-49F7-ADD5-D8F39AB74D3D}.Debug|ARM.ActiveCfg = Debug|Any CPU
		{612C80AF-63C4-49F7-ADD5-D8F39AB74D3D}.Debug|ARM.Build.0 = Debug|Any CPU
		{612C80AF-63C4-49F7-ADD5-D8F39AB74D3D}.Debug|ARM64.ActiveCfg = Debug|Any CPU
		{612C80AF-63C4-49F7-ADD5-D8F39AB74D3D}.Debug|ARM64.Build.0 = Debug|Any CPU
		{612C80AF-63C4-49F7-ADD5-D8F39AB74D3D}.Debug|x64.ActiveCfg = Debug|Any CPU
		{612C80AF-63C4-49F7-ADD5-D8F39AB74D3D}.Debug|x64.Build.0 = Debug|Any CPU
		{612C80AF-63C4-49F7-ADD5-D8F39AB74D3D}.Debug|x86.ActiveCfg = Debug|Any CPU
		{612C80AF-63C4-49F7-ADD5-D8F39AB74D3D}.Debug|x86.Build.0 = Debug|Any CPU
		{612C80AF-63C4-49F7-ADD5-D8F39AB74D3D}.Release|Any CPU.ActiveCfg = Release|Any CPU
		{612C80AF-63C4-49F7-ADD5-D8F39AB74D3D}.Release|Any CPU.Build.0 = Release|Any CPU
		{612C80AF-63C4-49F7-ADD5-D8F39AB74D3D}.Release|ARM.ActiveCfg = Release|Any CPU
		{612C80AF-63C4-49F7-ADD5-D8F39AB74D3D}.Release|ARM.Build.0 = Release|Any CPU
		{612C80AF-63C4-49F7-ADD5-D8F39AB74D3D}.Release|ARM64.ActiveCfg = Release|Any CPU
		{612C80AF-63C4-49F7-ADD5-D8F39AB74D3D}.Release|ARM64.Build.0 = Release|Any CPU
		{612C80AF-63C4-49F7-ADD5-D8F39AB74D3D}.Release|x64.ActiveCfg = Release|Any CPU
		{612C80AF-63C4-49F7-ADD5-D8F39AB74D3D}.Release|x64.Build.0 = Release|Any CPU
		{612C80AF-63C4-49F7-ADD5-D8F39AB74D3D}.Release|x86.ActiveCfg = Release|Any CPU
		{612C80AF-63C4-49F7-ADD5-D8F39AB74D3D}.Release|x86.Build.0 = Release|Any CPU
		{EC6E5F20-8318-40C1-9370-8182D6859BBE}.Debug|Any CPU.ActiveCfg = Debug|Any CPU
		{EC6E5F20-8318-40C1-9370-8182D6859BBE}.Debug|Any CPU.Build.0 = Debug|Any CPU
		{EC6E5F20-8318-40C1-9370-8182D6859BBE}.Debug|ARM.ActiveCfg = Debug|Any CPU
		{EC6E5F20-8318-40C1-9370-8182D6859BBE}.Debug|ARM.Build.0 = Debug|Any CPU
		{EC6E5F20-8318-40C1-9370-8182D6859BBE}.Debug|ARM64.ActiveCfg = Debug|Any CPU
		{EC6E5F20-8318-40C1-9370-8182D6859BBE}.Debug|ARM64.Build.0 = Debug|Any CPU
		{EC6E5F20-8318-40C1-9370-8182D6859BBE}.Debug|x64.ActiveCfg = Debug|Any CPU
		{EC6E5F20-8318-40C1-9370-8182D6859BBE}.Debug|x64.Build.0 = Debug|Any CPU
		{EC6E5F20-8318-40C1-9370-8182D6859BBE}.Debug|x86.ActiveCfg = Debug|Any CPU
		{EC6E5F20-8318-40C1-9370-8182D6859BBE}.Debug|x86.Build.0 = Debug|Any CPU
		{EC6E5F20-8318-40C1-9370-8182D6859BBE}.Release|Any CPU.ActiveCfg = Release|Any CPU
		{EC6E5F20-8318-40C1-9370-8182D6859BBE}.Release|Any CPU.Build.0 = Release|Any CPU
		{EC6E5F20-8318-40C1-9370-8182D6859BBE}.Release|ARM.ActiveCfg = Release|Any CPU
		{EC6E5F20-8318-40C1-9370-8182D6859BBE}.Release|ARM.Build.0 = Release|Any CPU
		{EC6E5F20-8318-40C1-9370-8182D6859BBE}.Release|ARM64.ActiveCfg = Release|Any CPU
		{EC6E5F20-8318-40C1-9370-8182D6859BBE}.Release|ARM64.Build.0 = Release|Any CPU
		{EC6E5F20-8318-40C1-9370-8182D6859BBE}.Release|x64.ActiveCfg = Release|Any CPU
		{EC6E5F20-8318-40C1-9370-8182D6859BBE}.Release|x64.Build.0 = Release|Any CPU
		{EC6E5F20-8318-40C1-9370-8182D6859BBE}.Release|x86.ActiveCfg = Release|Any CPU
		{EC6E5F20-8318-40C1-9370-8182D6859BBE}.Release|x86.Build.0 = Release|Any CPU
		{8924FE0F-DA13-474D-B7DE-CF91B5157C93}.Debug|Any CPU.ActiveCfg = Debug|Any CPU
		{8924FE0F-DA13-474D-B7DE-CF91B5157C93}.Debug|Any CPU.Build.0 = Debug|Any CPU
		{8924FE0F-DA13-474D-B7DE-CF91B5157C93}.Debug|ARM.ActiveCfg = Debug|Any CPU
		{8924FE0F-DA13-474D-B7DE-CF91B5157C93}.Debug|ARM.Build.0 = Debug|Any CPU
		{8924FE0F-DA13-474D-B7DE-CF91B5157C93}.Debug|ARM64.ActiveCfg = Debug|Any CPU
		{8924FE0F-DA13-474D-B7DE-CF91B5157C93}.Debug|ARM64.Build.0 = Debug|Any CPU
		{8924FE0F-DA13-474D-B7DE-CF91B5157C93}.Debug|x64.ActiveCfg = Debug|Any CPU
		{8924FE0F-DA13-474D-B7DE-CF91B5157C93}.Debug|x64.Build.0 = Debug|Any CPU
		{8924FE0F-DA13-474D-B7DE-CF91B5157C93}.Debug|x86.ActiveCfg = Debug|Any CPU
		{8924FE0F-DA13-474D-B7DE-CF91B5157C93}.Debug|x86.Build.0 = Debug|Any CPU
		{8924FE0F-DA13-474D-B7DE-CF91B5157C93}.Release|Any CPU.ActiveCfg = Release|Any CPU
		{8924FE0F-DA13-474D-B7DE-CF91B5157C93}.Release|Any CPU.Build.0 = Release|Any CPU
		{8924FE0F-DA13-474D-B7DE-CF91B5157C93}.Release|ARM.ActiveCfg = Release|Any CPU
		{8924FE0F-DA13-474D-B7DE-CF91B5157C93}.Release|ARM.Build.0 = Release|Any CPU
		{8924FE0F-DA13-474D-B7DE-CF91B5157C93}.Release|ARM64.ActiveCfg = Release|Any CPU
		{8924FE0F-DA13-474D-B7DE-CF91B5157C93}.Release|ARM64.Build.0 = Release|Any CPU
		{8924FE0F-DA13-474D-B7DE-CF91B5157C93}.Release|x64.ActiveCfg = Release|Any CPU
		{8924FE0F-DA13-474D-B7DE-CF91B5157C93}.Release|x64.Build.0 = Release|Any CPU
		{8924FE0F-DA13-474D-B7DE-CF91B5157C93}.Release|x86.ActiveCfg = Release|Any CPU
		{8924FE0F-DA13-474D-B7DE-CF91B5157C93}.Release|x86.Build.0 = Release|Any CPU
		{D9574D1E-255E-426B-8DD8-E63AD980D36F}.Debug|Any CPU.ActiveCfg = Debug|Any CPU
		{D9574D1E-255E-426B-8DD8-E63AD980D36F}.Debug|Any CPU.Build.0 = Debug|Any CPU
		{D9574D1E-255E-426B-8DD8-E63AD980D36F}.Debug|ARM.ActiveCfg = Debug|Any CPU
		{D9574D1E-255E-426B-8DD8-E63AD980D36F}.Debug|ARM.Build.0 = Debug|Any CPU
		{D9574D1E-255E-426B-8DD8-E63AD980D36F}.Debug|ARM64.ActiveCfg = Debug|Any CPU
		{D9574D1E-255E-426B-8DD8-E63AD980D36F}.Debug|ARM64.Build.0 = Debug|Any CPU
		{D9574D1E-255E-426B-8DD8-E63AD980D36F}.Debug|x64.ActiveCfg = Debug|Any CPU
		{D9574D1E-255E-426B-8DD8-E63AD980D36F}.Debug|x64.Build.0 = Debug|Any CPU
		{D9574D1E-255E-426B-8DD8-E63AD980D36F}.Debug|x86.ActiveCfg = Debug|Any CPU
		{D9574D1E-255E-426B-8DD8-E63AD980D36F}.Debug|x86.Build.0 = Debug|Any CPU
		{D9574D1E-255E-426B-8DD8-E63AD980D36F}.Release|Any CPU.ActiveCfg = Release|Any CPU
		{D9574D1E-255E-426B-8DD8-E63AD980D36F}.Release|Any CPU.Build.0 = Release|Any CPU
		{D9574D1E-255E-426B-8DD8-E63AD980D36F}.Release|ARM.ActiveCfg = Release|Any CPU
		{D9574D1E-255E-426B-8DD8-E63AD980D36F}.Release|ARM.Build.0 = Release|Any CPU
		{D9574D1E-255E-426B-8DD8-E63AD980D36F}.Release|ARM64.ActiveCfg = Release|Any CPU
		{D9574D1E-255E-426B-8DD8-E63AD980D36F}.Release|ARM64.Build.0 = Release|Any CPU
		{D9574D1E-255E-426B-8DD8-E63AD980D36F}.Release|x64.ActiveCfg = Release|Any CPU
		{D9574D1E-255E-426B-8DD8-E63AD980D36F}.Release|x64.Build.0 = Release|Any CPU
		{D9574D1E-255E-426B-8DD8-E63AD980D36F}.Release|x86.ActiveCfg = Release|Any CPU
		{D9574D1E-255E-426B-8DD8-E63AD980D36F}.Release|x86.Build.0 = Release|Any CPU
		{15CCE786-9D03-4DA1-9607-B50F9C0417E9}.Debug|Any CPU.ActiveCfg = Debug|Any CPU
		{15CCE786-9D03-4DA1-9607-B50F9C0417E9}.Debug|Any CPU.Build.0 = Debug|Any CPU
		{15CCE786-9D03-4DA1-9607-B50F9C0417E9}.Debug|ARM.ActiveCfg = Debug|Any CPU
		{15CCE786-9D03-4DA1-9607-B50F9C0417E9}.Debug|ARM.Build.0 = Debug|Any CPU
		{15CCE786-9D03-4DA1-9607-B50F9C0417E9}.Debug|ARM64.ActiveCfg = Debug|Any CPU
		{15CCE786-9D03-4DA1-9607-B50F9C0417E9}.Debug|ARM64.Build.0 = Debug|Any CPU
		{15CCE786-9D03-4DA1-9607-B50F9C0417E9}.Debug|x64.ActiveCfg = Debug|Any CPU
		{15CCE786-9D03-4DA1-9607-B50F9C0417E9}.Debug|x64.Build.0 = Debug|Any CPU
		{15CCE786-9D03-4DA1-9607-B50F9C0417E9}.Debug|x86.ActiveCfg = Debug|Any CPU
		{15CCE786-9D03-4DA1-9607-B50F9C0417E9}.Debug|x86.Build.0 = Debug|Any CPU
		{15CCE786-9D03-4DA1-9607-B50F9C0417E9}.Release|Any CPU.ActiveCfg = Release|Any CPU
		{15CCE786-9D03-4DA1-9607-B50F9C0417E9}.Release|Any CPU.Build.0 = Release|Any CPU
		{15CCE786-9D03-4DA1-9607-B50F9C0417E9}.Release|ARM.ActiveCfg = Release|Any CPU
		{15CCE786-9D03-4DA1-9607-B50F9C0417E9}.Release|ARM.Build.0 = Release|Any CPU
		{15CCE786-9D03-4DA1-9607-B50F9C0417E9}.Release|ARM64.ActiveCfg = Release|Any CPU
		{15CCE786-9D03-4DA1-9607-B50F9C0417E9}.Release|ARM64.Build.0 = Release|Any CPU
		{15CCE786-9D03-4DA1-9607-B50F9C0417E9}.Release|x64.ActiveCfg = Release|Any CPU
		{15CCE786-9D03-4DA1-9607-B50F9C0417E9}.Release|x64.Build.0 = Release|Any CPU
		{15CCE786-9D03-4DA1-9607-B50F9C0417E9}.Release|x86.ActiveCfg = Release|Any CPU
		{15CCE786-9D03-4DA1-9607-B50F9C0417E9}.Release|x86.Build.0 = Release|Any CPU
		{A293B1F2-2F41-418B-9C92-4A95C525E843}.Debug|Any CPU.ActiveCfg = Debug|Any CPU
		{A293B1F2-2F41-418B-9C92-4A95C525E843}.Debug|Any CPU.Build.0 = Debug|Any CPU
		{A293B1F2-2F41-418B-9C92-4A95C525E843}.Debug|ARM.ActiveCfg = Debug|Any CPU
		{A293B1F2-2F41-418B-9C92-4A95C525E843}.Debug|ARM.Build.0 = Debug|Any CPU
		{A293B1F2-2F41-418B-9C92-4A95C525E843}.Debug|ARM64.ActiveCfg = Debug|Any CPU
		{A293B1F2-2F41-418B-9C92-4A95C525E843}.Debug|ARM64.Build.0 = Debug|Any CPU
		{A293B1F2-2F41-418B-9C92-4A95C525E843}.Debug|x64.ActiveCfg = Debug|Any CPU
		{A293B1F2-2F41-418B-9C92-4A95C525E843}.Debug|x64.Build.0 = Debug|Any CPU
		{A293B1F2-2F41-418B-9C92-4A95C525E843}.Debug|x86.ActiveCfg = Debug|Any CPU
		{A293B1F2-2F41-418B-9C92-4A95C525E843}.Debug|x86.Build.0 = Debug|Any CPU
		{A293B1F2-2F41-418B-9C92-4A95C525E843}.Release|Any CPU.ActiveCfg = Release|Any CPU
		{A293B1F2-2F41-418B-9C92-4A95C525E843}.Release|Any CPU.Build.0 = Release|Any CPU
		{A293B1F2-2F41-418B-9C92-4A95C525E843}.Release|ARM.ActiveCfg = Release|Any CPU
		{A293B1F2-2F41-418B-9C92-4A95C525E843}.Release|ARM.Build.0 = Release|Any CPU
		{A293B1F2-2F41-418B-9C92-4A95C525E843}.Release|ARM64.ActiveCfg = Release|Any CPU
		{A293B1F2-2F41-418B-9C92-4A95C525E843}.Release|ARM64.Build.0 = Release|Any CPU
		{A293B1F2-2F41-418B-9C92-4A95C525E843}.Release|x64.ActiveCfg = Release|Any CPU
		{A293B1F2-2F41-418B-9C92-4A95C525E843}.Release|x64.Build.0 = Release|Any CPU
		{A293B1F2-2F41-418B-9C92-4A95C525E843}.Release|x86.ActiveCfg = Release|Any CPU
		{A293B1F2-2F41-418B-9C92-4A95C525E843}.Release|x86.Build.0 = Release|Any CPU
		{A638D928-9753-4717-95A9-D55A84DE53C6}.Debug|Any CPU.ActiveCfg = Debug|Any CPU
		{A638D928-9753-4717-95A9-D55A84DE53C6}.Debug|Any CPU.Build.0 = Debug|Any CPU
		{A638D928-9753-4717-95A9-D55A84DE53C6}.Debug|ARM.ActiveCfg = Debug|Any CPU
		{A638D928-9753-4717-95A9-D55A84DE53C6}.Debug|ARM.Build.0 = Debug|Any CPU
		{A638D928-9753-4717-95A9-D55A84DE53C6}.Debug|ARM64.ActiveCfg = Debug|Any CPU
		{A638D928-9753-4717-95A9-D55A84DE53C6}.Debug|ARM64.Build.0 = Debug|Any CPU
		{A638D928-9753-4717-95A9-D55A84DE53C6}.Debug|x64.ActiveCfg = Debug|Any CPU
		{A638D928-9753-4717-95A9-D55A84DE53C6}.Debug|x64.Build.0 = Debug|Any CPU
		{A638D928-9753-4717-95A9-D55A84DE53C6}.Debug|x86.ActiveCfg = Debug|Any CPU
		{A638D928-9753-4717-95A9-D55A84DE53C6}.Debug|x86.Build.0 = Debug|Any CPU
		{A638D928-9753-4717-95A9-D55A84DE53C6}.Release|Any CPU.ActiveCfg = Release|Any CPU
		{A638D928-9753-4717-95A9-D55A84DE53C6}.Release|Any CPU.Build.0 = Release|Any CPU
		{A638D928-9753-4717-95A9-D55A84DE53C6}.Release|ARM.ActiveCfg = Release|Any CPU
		{A638D928-9753-4717-95A9-D55A84DE53C6}.Release|ARM.Build.0 = Release|Any CPU
		{A638D928-9753-4717-95A9-D55A84DE53C6}.Release|ARM64.ActiveCfg = Release|Any CPU
		{A638D928-9753-4717-95A9-D55A84DE53C6}.Release|ARM64.Build.0 = Release|Any CPU
		{A638D928-9753-4717-95A9-D55A84DE53C6}.Release|x64.ActiveCfg = Release|Any CPU
		{A638D928-9753-4717-95A9-D55A84DE53C6}.Release|x64.Build.0 = Release|Any CPU
		{A638D928-9753-4717-95A9-D55A84DE53C6}.Release|x86.ActiveCfg = Release|Any CPU
		{A638D928-9753-4717-95A9-D55A84DE53C6}.Release|x86.Build.0 = Release|Any CPU
		{5914D2BD-03A8-493B-BD6A-BAB6BDFC4F10}.Debug|Any CPU.ActiveCfg = Debug|Any CPU
		{5914D2BD-03A8-493B-BD6A-BAB6BDFC4F10}.Debug|Any CPU.Build.0 = Debug|Any CPU
		{5914D2BD-03A8-493B-BD6A-BAB6BDFC4F10}.Debug|ARM.ActiveCfg = Debug|Any CPU
		{5914D2BD-03A8-493B-BD6A-BAB6BDFC4F10}.Debug|ARM.Build.0 = Debug|Any CPU
		{5914D2BD-03A8-493B-BD6A-BAB6BDFC4F10}.Debug|ARM64.ActiveCfg = Debug|Any CPU
		{5914D2BD-03A8-493B-BD6A-BAB6BDFC4F10}.Debug|ARM64.Build.0 = Debug|Any CPU
		{5914D2BD-03A8-493B-BD6A-BAB6BDFC4F10}.Debug|x64.ActiveCfg = Debug|Any CPU
		{5914D2BD-03A8-493B-BD6A-BAB6BDFC4F10}.Debug|x64.Build.0 = Debug|Any CPU
		{5914D2BD-03A8-493B-BD6A-BAB6BDFC4F10}.Debug|x86.ActiveCfg = Debug|Any CPU
		{5914D2BD-03A8-493B-BD6A-BAB6BDFC4F10}.Debug|x86.Build.0 = Debug|Any CPU
		{5914D2BD-03A8-493B-BD6A-BAB6BDFC4F10}.Release|Any CPU.ActiveCfg = Release|Any CPU
		{5914D2BD-03A8-493B-BD6A-BAB6BDFC4F10}.Release|Any CPU.Build.0 = Release|Any CPU
		{5914D2BD-03A8-493B-BD6A-BAB6BDFC4F10}.Release|ARM.ActiveCfg = Release|Any CPU
		{5914D2BD-03A8-493B-BD6A-BAB6BDFC4F10}.Release|ARM.Build.0 = Release|Any CPU
		{5914D2BD-03A8-493B-BD6A-BAB6BDFC4F10}.Release|ARM64.ActiveCfg = Release|Any CPU
		{5914D2BD-03A8-493B-BD6A-BAB6BDFC4F10}.Release|ARM64.Build.0 = Release|Any CPU
		{5914D2BD-03A8-493B-BD6A-BAB6BDFC4F10}.Release|x64.ActiveCfg = Release|Any CPU
		{5914D2BD-03A8-493B-BD6A-BAB6BDFC4F10}.Release|x64.Build.0 = Release|Any CPU
		{5914D2BD-03A8-493B-BD6A-BAB6BDFC4F10}.Release|x86.ActiveCfg = Release|Any CPU
		{5914D2BD-03A8-493B-BD6A-BAB6BDFC4F10}.Release|x86.Build.0 = Release|Any CPU
		{AEB53036-03E8-44AE-BBDF-82734B5791D9}.Debug|Any CPU.ActiveCfg = Debug|Any CPU
		{AEB53036-03E8-44AE-BBDF-82734B5791D9}.Debug|Any CPU.Build.0 = Debug|Any CPU
		{AEB53036-03E8-44AE-BBDF-82734B5791D9}.Debug|ARM.ActiveCfg = Debug|Any CPU
		{AEB53036-03E8-44AE-BBDF-82734B5791D9}.Debug|ARM.Build.0 = Debug|Any CPU
		{AEB53036-03E8-44AE-BBDF-82734B5791D9}.Debug|ARM64.ActiveCfg = Debug|Any CPU
		{AEB53036-03E8-44AE-BBDF-82734B5791D9}.Debug|ARM64.Build.0 = Debug|Any CPU
		{AEB53036-03E8-44AE-BBDF-82734B5791D9}.Debug|x64.ActiveCfg = Debug|Any CPU
		{AEB53036-03E8-44AE-BBDF-82734B5791D9}.Debug|x64.Build.0 = Debug|Any CPU
		{AEB53036-03E8-44AE-BBDF-82734B5791D9}.Debug|x86.ActiveCfg = Debug|Any CPU
		{AEB53036-03E8-44AE-BBDF-82734B5791D9}.Debug|x86.Build.0 = Debug|Any CPU
		{AEB53036-03E8-44AE-BBDF-82734B5791D9}.Release|Any CPU.ActiveCfg = Release|Any CPU
		{AEB53036-03E8-44AE-BBDF-82734B5791D9}.Release|Any CPU.Build.0 = Release|Any CPU
		{AEB53036-03E8-44AE-BBDF-82734B5791D9}.Release|ARM.ActiveCfg = Release|Any CPU
		{AEB53036-03E8-44AE-BBDF-82734B5791D9}.Release|ARM.Build.0 = Release|Any CPU
		{AEB53036-03E8-44AE-BBDF-82734B5791D9}.Release|ARM64.ActiveCfg = Release|Any CPU
		{AEB53036-03E8-44AE-BBDF-82734B5791D9}.Release|ARM64.Build.0 = Release|Any CPU
		{AEB53036-03E8-44AE-BBDF-82734B5791D9}.Release|x64.ActiveCfg = Release|Any CPU
		{AEB53036-03E8-44AE-BBDF-82734B5791D9}.Release|x64.Build.0 = Release|Any CPU
		{AEB53036-03E8-44AE-BBDF-82734B5791D9}.Release|x86.ActiveCfg = Release|Any CPU
		{AEB53036-03E8-44AE-BBDF-82734B5791D9}.Release|x86.Build.0 = Release|Any CPU
		{567120A4-197F-4F44-BC44-C42068E2A2F1}.Debug|Any CPU.ActiveCfg = Debug|Any CPU
		{567120A4-197F-4F44-BC44-C42068E2A2F1}.Debug|Any CPU.Build.0 = Debug|Any CPU
		{567120A4-197F-4F44-BC44-C42068E2A2F1}.Debug|ARM.ActiveCfg = Debug|Any CPU
		{567120A4-197F-4F44-BC44-C42068E2A2F1}.Debug|ARM.Build.0 = Debug|Any CPU
		{567120A4-197F-4F44-BC44-C42068E2A2F1}.Debug|ARM64.ActiveCfg = Debug|Any CPU
		{567120A4-197F-4F44-BC44-C42068E2A2F1}.Debug|ARM64.Build.0 = Debug|Any CPU
		{567120A4-197F-4F44-BC44-C42068E2A2F1}.Debug|x64.ActiveCfg = Debug|Any CPU
		{567120A4-197F-4F44-BC44-C42068E2A2F1}.Debug|x64.Build.0 = Debug|Any CPU
		{567120A4-197F-4F44-BC44-C42068E2A2F1}.Debug|x86.ActiveCfg = Debug|Any CPU
		{567120A4-197F-4F44-BC44-C42068E2A2F1}.Debug|x86.Build.0 = Debug|Any CPU
		{567120A4-197F-4F44-BC44-C42068E2A2F1}.Release|Any CPU.ActiveCfg = Release|Any CPU
		{567120A4-197F-4F44-BC44-C42068E2A2F1}.Release|Any CPU.Build.0 = Release|Any CPU
		{567120A4-197F-4F44-BC44-C42068E2A2F1}.Release|ARM.ActiveCfg = Release|Any CPU
		{567120A4-197F-4F44-BC44-C42068E2A2F1}.Release|ARM.Build.0 = Release|Any CPU
		{567120A4-197F-4F44-BC44-C42068E2A2F1}.Release|ARM64.ActiveCfg = Release|Any CPU
		{567120A4-197F-4F44-BC44-C42068E2A2F1}.Release|ARM64.Build.0 = Release|Any CPU
		{567120A4-197F-4F44-BC44-C42068E2A2F1}.Release|x64.ActiveCfg = Release|Any CPU
		{567120A4-197F-4F44-BC44-C42068E2A2F1}.Release|x64.Build.0 = Release|Any CPU
		{567120A4-197F-4F44-BC44-C42068E2A2F1}.Release|x86.ActiveCfg = Release|Any CPU
		{567120A4-197F-4F44-BC44-C42068E2A2F1}.Release|x86.Build.0 = Release|Any CPU
	EndGlobalSection
	GlobalSection(SolutionProperties) = preSolution
		HideSolutionNode = FALSE
	EndGlobalSection
	GlobalSection(ExtensibilityGlobals) = postSolution
		SolutionGuid = {0AFC5828-C23F-41E8-B821-0B5830630A7E}
	EndGlobalSection
EndGlobal
