
Microsoft Visual Studio Solution File, Format Version 12.00
# Visual Studio Version 17
VisualStudioVersion = 17.3.32929.385
MinimumVisualStudioVersion = 10.0.40219.1
Project("{FAE04EC0-301F-11D3-BF4B-00C04F79EFBC}") = "Assessed1", "Assessed1\Assessed1.csproj", "{9EC9FD89-1249-4B6C-AB77-E5717E191306}"
EndProject
Project("{FAE04EC0-301F-11D3-BF4B-00C04F79EFBC}") = "TaskB", "TaskB\TaskB.csproj", "{D412CF04-F25F-4C40-9DFD-A479A98572A8}"
EndProject
Project("{FAE04EC0-301F-11D3-BF4B-00C04F79EFBC}") = "TaskC", "TaskC\TaskC.csproj", "{660FB7AC-894A-4199-AC14-DD6F20336419}"
EndProject
Global
	GlobalSection(SolutionConfigurationPlatforms) = preSolution
		Debug|Any CPU = Debug|Any CPU
		Release|Any CPU = Release|Any CPU
	EndGlobalSection
	GlobalSection(ProjectConfigurationPlatforms) = postSolution
		{9EC9FD89-1249-4B6C-AB77-E5717E191306}.Debug|Any CPU.ActiveCfg = Debug|Any CPU
		{9EC9FD89-1249-4B6C-AB77-E5717E191306}.Debug|Any CPU.Build.0 = Debug|Any CPU
		{9EC9FD89-1249-4B6C-AB77-E5717E191306}.Release|Any CPU.ActiveCfg = Release|Any CPU
		{9EC9FD89-1249-4B6C-AB77-E5717E191306}.Release|Any CPU.Build.0 = Release|Any CPU
		{D412CF04-F25F-4C40-9DFD-A479A98572A8}.Debug|Any CPU.ActiveCfg = Debug|Any CPU
		{D412CF04-F25F-4C40-9DFD-A479A98572A8}.Debug|Any CPU.Build.0 = Debug|Any CPU
		{D412CF04-F25F-4C40-9DFD-A479A98572A8}.Release|Any CPU.ActiveCfg = Release|Any CPU
		{D412CF04-F25F-4C40-9DFD-A479A98572A8}.Release|Any CPU.Build.0 = Release|Any CPU
		{660FB7AC-894A-4199-AC14-DD6F20336419}.Debug|Any CPU.ActiveCfg = Debug|Any CPU
		{660FB7AC-894A-4199-AC14-DD6F20336419}.Debug|Any CPU.Build.0 = Debug|Any CPU
		{660FB7AC-894A-4199-AC14-DD6F20336419}.Release|Any CPU.ActiveCfg = Release|Any CPU
		{660FB7AC-894A-4199-AC14-DD6F20336419}.Release|Any CPU.Build.0 = Release|Any CPU
	EndGlobalSection
	GlobalSection(SolutionProperties) = preSolution
		HideSolutionNode = FALSE
	EndGlobalSection
	GlobalSection(ExtensibilityGlobals) = postSolution
		SolutionGuid = {89FFDB48-AC4E-4C7B-9D3E-6A7DAB8A72E4}
	EndGlobalSection
EndGlobal
